PODS:
  - CredifyCoreSDK (0.1.3):
    - CredifyCryptoSwift
    - KeychainAccess
    - RealmSwift
  - CredifyCryptoSwift (1.1.6)
  - CredifyServiceX (0.2.17):
    - CredifyCoreSDK
    - CredifyCryptoSwift
    - KeychainAccess
    - Kingfisher
    - lottie-ios
    - RealmSwift
  - KeychainAccess (4.2.2)
  - Kingfisher (6.3.0)
  - lottie-ios (3.2.3)
  - Realm (10.11.0):
    - Realm/Headers (= 10.11.0)
  - Realm/Headers (10.11.0)
  - RealmSwift (10.11.0):
    - Realm (= 10.11.0)

DEPENDENCIES:
  - CredifyServiceX

SPEC REPOS:
  trunk:
    - CredifyCoreSDK
    - CredifyCryptoSwift
    - CredifyServiceX
    - KeychainAccess
    - Kingfisher
    - lottie-ios
    - Realm
    - RealmSwift

SPEC CHECKSUMS:
  CredifyCoreSDK: c63a30fee6ce0cd77b259f2e3826fc2f6a403db5
  CredifyCryptoSwift: 90f30a1c0c2eab8f76c90cbddfb4631f4dfe913a
  CredifyServiceX: aee91ac04f350f229d091351468fb046e9c50ce8
  KeychainAccess: c0c4f7f38f6fc7bbe58f5702e25f7bd2f65abf51
  Kingfisher: 6c3df386db71d82c0817a429d2c9421a77396529
  lottie-ios: c058aeafa76daa4cf64d773554bccc8385d0150e
  Realm: 39ff23f0f709cd4ed93eb47ee6593c2158945b38
  RealmSwift: 42713e09a8631070d6c12c3c5fb22b8edc1daa41

PODFILE CHECKSUM: f33cdf465cc6ae7215b822331681bf9cc588b53a

COCOAPODS: 1.10.1
